// !$*UTF8*$!
{
	archiveVersion = 1;
	classes = {
	};
	objectVersion = 55;
	objects = {

/* Begin PBXBuildFile section */
		6E44571F281E098C004FA570 /* FollowerListVC.swift in Sources */ = {isa = PBXBuildFile; fileRef = 6E44571E281E098C004FA570 /* FollowerListVC.swift */; };
		6E445721281E171A004FA570 /* GFTitleLabel.swift in Sources */ = {isa = PBXBuildFile; fileRef = 6E445720281E171A004FA570 /* GFTitleLabel.swift */; };
		6E445723281E1998004FA570 /* GFBodyLabel.swift in Sources */ = {isa = PBXBuildFile; fileRef = 6E445722281E1998004FA570 /* GFBodyLabel.swift */; };
		6E445725281E1A87004FA570 /* GFAlertVC.swift in Sources */ = {isa = PBXBuildFile; fileRef = 6E445724281E1A87004FA570 /* GFAlertVC.swift */; };
		6E445727281E2559004FA570 /* UIViewController+Ext.swift in Sources */ = {isa = PBXBuildFile; fileRef = 6E445726281E2559004FA570 /* UIViewController+Ext.swift */; };
		6EAA1CF8281D83DF0055F2F1 /* AppDelegate.swift in Sources */ = {isa = PBXBuildFile; fileRef = 6EAA1CF7281D83DF0055F2F1 /* AppDelegate.swift */; };
		6EAA1CFA281D83DF0055F2F1 /* SceneDelegate.swift in Sources */ = {isa = PBXBuildFile; fileRef = 6EAA1CF9281D83DF0055F2F1 /* SceneDelegate.swift */; };
		6EAA1CFC281D83DF0055F2F1 /* ViewController.swift in Sources */ = {isa = PBXBuildFile; fileRef = 6EAA1CFB281D83DF0055F2F1 /* ViewController.swift */; };
		6EAA1D01281D83E10055F2F1 /* Assets.xcassets in Resources */ = {isa = PBXBuildFile; fileRef = 6EAA1D00281D83E10055F2F1 /* Assets.xcassets */; };
		6EAA1D04281D83E10055F2F1 /* LaunchScreen.storyboard in Resources */ = {isa = PBXBuildFile; fileRef = 6EAA1D02281D83E10055F2F1 /* LaunchScreen.storyboard */; };
		6EAA1D0C281D9A0E0055F2F1 /* SearchVC.swift in Sources */ = {isa = PBXBuildFile; fileRef = 6EAA1D0B281D9A0E0055F2F1 /* SearchVC.swift */; };
		6EAA1D0E281D9AC00055F2F1 /* FavoritesListVC.swift in Sources */ = {isa = PBXBuildFile; fileRef = 6EAA1D0D281D9AC00055F2F1 /* FavoritesListVC.swift */; };
		6EAA1D10281DC5EE0055F2F1 /* GFButton.swift in Sources */ = {isa = PBXBuildFile; fileRef = 6EAA1D0F281DC5EE0055F2F1 /* GFButton.swift */; };
		6EAA1D12281DEAE40055F2F1 /* GFTextField.swift in Sources */ = {isa = PBXBuildFile; fileRef = 6EAA1D11281DEAE40055F2F1 /* GFTextField.swift */; };
/* End PBXBuildFile section */

/* Begin PBXFileReference section */
		6E44571E281E098C004FA570 /* FollowerListVC.swift */ = {isa = PBXFileReference; lastKnownFileType = sourcecode.swift; path = FollowerListVC.swift; sourceTree = "<group>"; };
		6E445720281E171A004FA570 /* GFTitleLabel.swift */ = {isa = PBXFileReference; lastKnownFileType = sourcecode.swift; path = GFTitleLabel.swift; sourceTree = "<group>"; };
		6E445722281E1998004FA570 /* GFBodyLabel.swift */ = {isa = PBXFileReference; lastKnownFileType = sourcecode.swift; path = GFBodyLabel.swift; sourceTree = "<group>"; };
		6E445724281E1A87004FA570 /* GFAlertVC.swift */ = {isa = PBXFileReference; lastKnownFileType = sourcecode.swift; path = GFAlertVC.swift; sourceTree = "<group>"; };
		6E445726281E2559004FA570 /* UIViewController+Ext.swift */ = {isa = PBXFileReference; lastKnownFileType = sourcecode.swift; path = "UIViewController+Ext.swift"; sourceTree = "<group>"; };
		6EAA1CF4281D83DF0055F2F1 /* GHFollowers.app */ = {isa = PBXFileReference; explicitFileType = wrapper.application; includeInIndex = 0; path = GHFollowers.app; sourceTree = BUILT_PRODUCTS_DIR; };
		6EAA1CF7281D83DF0055F2F1 /* AppDelegate.swift */ = {isa = PBXFileReference; lastKnownFileType = sourcecode.swift; path = AppDelegate.swift; sourceTree = "<group>"; };
		6EAA1CF9281D83DF0055F2F1 /* SceneDelegate.swift */ = {isa = PBXFileReference; lastKnownFileType = sourcecode.swift; path = SceneDelegate.swift; sourceTree = "<group>"; };
		6EAA1CFB281D83DF0055F2F1 /* ViewController.swift */ = {isa = PBXFileReference; lastKnownFileType = sourcecode.swift; path = ViewController.swift; sourceTree = "<group>"; };
		6EAA1D00281D83E10055F2F1 /* Assets.xcassets */ = {isa = PBXFileReference; lastKnownFileType = folder.assetcatalog; path = Assets.xcassets; sourceTree = "<group>"; };
		6EAA1D03281D83E10055F2F1 /* Base */ = {isa = PBXFileReference; lastKnownFileType = file.storyboard; name = Base; path = Base.lproj/LaunchScreen.storyboard; sourceTree = "<group>"; };
		6EAA1D05281D83E10055F2F1 /* Info.plist */ = {isa = PBXFileReference; lastKnownFileType = text.plist.xml; path = Info.plist; sourceTree = "<group>"; };
		6EAA1D0B281D9A0E0055F2F1 /* SearchVC.swift */ = {isa = PBXFileReference; lastKnownFileType = sourcecode.swift; path = SearchVC.swift; sourceTree = "<group>"; };
		6EAA1D0D281D9AC00055F2F1 /* FavoritesListVC.swift */ = {isa = PBXFileReference; lastKnownFileType = sourcecode.swift; path = FavoritesListVC.swift; sourceTree = "<group>"; };
		6EAA1D0F281DC5EE0055F2F1 /* GFButton.swift */ = {isa = PBXFileReference; lastKnownFileType = sourcecode.swift; path = GFButton.swift; sourceTree = "<group>"; };
		6EAA1D11281DEAE40055F2F1 /* GFTextField.swift */ = {isa = PBXFileReference; lastKnownFileType = sourcecode.swift; path = GFTextField.swift; sourceTree = "<group>"; };
/* End PBXFileReference section */

/* Begin PBXFrameworksBuildPhase section */
		6EAA1CF1281D83DF0055F2F1 /* Frameworks */ = {
			isa = PBXFrameworksBuildPhase;
			buildActionMask = 2147483647;
			files = (
			);
			runOnlyForDeploymentPostprocessing = 0;
		};
/* End PBXFrameworksBuildPhase section */

/* Begin PBXGroup section */
		6E445728281EB43D004FA570 /* Controllers */ = {
			isa = PBXGroup;
			children = (
				6EAA1D0D281D9AC00055F2F1 /* FavoritesListVC.swift */,
				6EAA1D0B281D9A0E0055F2F1 /* SearchVC.swift */,
				6E44571E281E098C004FA570 /* FollowerListVC.swift */,
			);
			path = Controllers;
			sourceTree = "<group>";
		};
		6E445729281EB4FC004FA570 /* Views */ = {
			isa = PBXGroup;
			children = (
				6E445724281E1A87004FA570 /* GFAlertVC.swift */,
				6EAA1D11281DEAE40055F2F1 /* GFTextField.swift */,
				6E445720281E171A004FA570 /* GFTitleLabel.swift */,
				6E445722281E1998004FA570 /* GFBodyLabel.swift */,
				6EAA1D0F281DC5EE0055F2F1 /* GFButton.swift */,
			);
			path = Views;
			sourceTree = "<group>";
		};
		6E44572A281EB561004FA570 /* Extensions */ = {
			isa = PBXGroup;
			children = (
				6E445726281E2559004FA570 /* UIViewController+Ext.swift */,
			);
			path = Extensions;
			sourceTree = "<group>";
		};
		6E44572B281EB66C004FA570 /* Support */ = {
			isa = PBXGroup;
			children = (
				6EAA1CF7281D83DF0055F2F1 /* AppDelegate.swift */,
				6EAA1CF9281D83DF0055F2F1 /* SceneDelegate.swift */,
				6EAA1CFB281D83DF0055F2F1 /* ViewController.swift */,
				6EAA1D00281D83E10055F2F1 /* Assets.xcassets */,
				6EAA1D02281D83E10055F2F1 /* LaunchScreen.storyboard */,
			);
			path = Support;
			sourceTree = "<group>";
		};
		6EAA1CEB281D83DF0055F2F1 = {
			isa = PBXGroup;
			children = (
				6EAA1CF6281D83DF0055F2F1 /* GHFollowers */,
				6EAA1CF5281D83DF0055F2F1 /* Products */,
			);
			sourceTree = "<group>";
		};
		6EAA1CF5281D83DF0055F2F1 /* Products */ = {
			isa = PBXGroup;
			children = (
				6EAA1CF4281D83DF0055F2F1 /* GHFollowers.app */,
			);
			name = Products;
			sourceTree = "<group>";
		};
		6EAA1CF6281D83DF0055F2F1 /* GHFollowers */ = {
			isa = PBXGroup;
			children = (
				6EAA1D05281D83E10055F2F1 /* Info.plist */,
				6E445728281EB43D004FA570 /* Controllers */,
				6E44572A281EB561004FA570 /* Extensions */,
				6E44572B281EB66C004FA570 /* Support */,
				6E445729281EB4FC004FA570 /* Views */,
			);
			path = GHFollowers;
			sourceTree = "<group>";
		};
/* End PBXGroup section */

/* Begin PBXNativeTarget section */
		6EAA1CF3281D83DF0055F2F1 /* GHFollowers */ = {
			isa = PBXNativeTarget;
			buildConfigurationList = 6EAA1D08281D83E10055F2F1 /* Build configuration list for PBXNativeTarget "GHFollowers" */;
			buildPhases = (
				6EAA1CF0281D83DF0055F2F1 /* Sources */,
				6EAA1CF1281D83DF0055F2F1 /* Frameworks */,
				6EAA1CF2281D83DF0055F2F1 /* Resources */,
			);
			buildRules = (
			);
			dependencies = (
			);
			name = GHFollowers;
			productName = GHFollowers;
			productReference = 6EAA1CF4281D83DF0055F2F1 /* GHFollowers.app */;
			productType = "com.apple.product-type.application";
		};
/* End PBXNativeTarget section */

/* Begin PBXProject section */
		6EAA1CEC281D83DF0055F2F1 /* Project object */ = {
			isa = PBXProject;
			attributes = {
				BuildIndependentTargetsInParallel = 1;
				LastSwiftUpdateCheck = 1320;
				LastUpgradeCheck = 1320;
				TargetAttributes = {
					6EAA1CF3281D83DF0055F2F1 = {
						CreatedOnToolsVersion = 13.2.1;
					};
				};
			};
			buildConfigurationList = 6EAA1CEF281D83DF0055F2F1 /* Build configuration list for PBXProject "GHFollowers" */;
			compatibilityVersion = "Xcode 13.0";
			developmentRegion = en;
			hasScannedForEncodings = 0;
			knownRegions = (
				en,
				Base,
			);
			mainGroup = 6EAA1CEB281D83DF0055F2F1;
			productRefGroup = 6EAA1CF5281D83DF0055F2F1 /* Products */;
			projectDirPath = "";
			projectRoot = "";
			targets = (
				6EAA1CF3281D83DF0055F2F1 /* GHFollowers */,
			);
		};
/* End PBXProject section */

/* Begin PBXResourcesBuildPhase section */
		6EAA1CF2281D83DF0055F2F1 /* Resources */ = {
			isa = PBXResourcesBuildPhase;
			buildActionMask = 2147483647;
			files = (
				6EAA1D04281D83E10055F2F1 /* LaunchScreen.storyboard in Resources */,
				6EAA1D01281D83E10055F2F1 /* Assets.xcassets in Resources */,
			);
			runOnlyForDeploymentPostprocessing = 0;
		};
/* End PBXResourcesBuildPhase section */

/* Begin PBXSourcesBuildPhase section */
		6EAA1CF0281D83DF0055F2F1 /* Sources */ = {
			isa = PBXSourcesBuildPhase;
			buildActionMask = 2147483647;
			files = (
				6EAA1D0C281D9A0E0055F2F1 /* SearchVC.swift in Sources */,
				6EAA1CFC281D83DF0055F2F1 /* ViewController.swift in Sources */,
				6E445727281E2559004FA570 /* UIViewController+Ext.swift in Sources */,
				6EAA1D10281DC5EE0055F2F1 /* GFButton.swift in Sources */,
				6EAA1D0E281D9AC00055F2F1 /* FavoritesListVC.swift in Sources */,
				6EAA1CF8281D83DF0055F2F1 /* AppDelegate.swift in Sources */,
				6E445725281E1A87004FA570 /* GFAlertVC.swift in Sources */,
				6EAA1CFA281D83DF0055F2F1 /* SceneDelegate.swift in Sources */,
				6E445721281E171A004FA570 /* GFTitleLabel.swift in Sources */,
				6E44571F281E098C004FA570 /* FollowerListVC.swift in Sources */,
				6EAA1D12281DEAE40055F2F1 /* GFTextField.swift in Sources */,
				6E445723281E1998004FA570 /* GFBodyLabel.swift in Sources */,
			);
			runOnlyForDeploymentPostprocessing = 0;
		};
/* End PBXSourcesBuildPhase section */

/* Begin PBXVariantGroup section */
		6EAA1D02281D83E10055F2F1 /* LaunchScreen.storyboard */ = {
			isa = PBXVariantGroup;
			children = (
				6EAA1D03281D83E10055F2F1 /* Base */,
			);
			name = LaunchScreen.storyboard;
			sourceTree = "<group>";
		};
/* End PBXVariantGroup section */

/* Begin XCBuildConfiguration section */
		6EAA1D06281D83E10055F2F1 /* Debug */ = {
			isa = XCBuildConfiguration;
			buildSettings = {
				ALWAYS_SEARCH_USER_PATHS = NO;
				CLANG_ANALYZER_NONNULL = YES;
				CLANG_ANALYZER_NUMBER_OBJECT_CONVERSION = YES_AGGRESSIVE;
				CLANG_CXX_LANGUAGE_STANDARD = "gnu++17";
				CLANG_CXX_LIBRARY = "libc++";
				CLANG_ENABLE_MODULES = YES;
				CLANG_ENABLE_OBJC_ARC = YES;
				CLANG_ENABLE_OBJC_WEAK = YES;
				CLANG_WARN_BLOCK_CAPTURE_AUTORELEASING = YES;
				CLANG_WARN_BOOL_CONVERSION = YES;
				CLANG_WARN_COMMA = YES;
				CLANG_WARN_CONSTANT_CONVERSION = YES;
				CLANG_WARN_DEPRECATED_OBJC_IMPLEMENTATIONS = YES;
				CLANG_WARN_DIRECT_OBJC_ISA_USAGE = YES_ERROR;
				CLANG_WARN_DOCUMENTATION_COMMENTS = YES;
				CLANG_WARN_EMPTY_BODY = YES;
				CLANG_WARN_ENUM_CONVERSION = YES;
				CLANG_WARN_INFINITE_RECURSION = YES;
				CLANG_WARN_INT_CONVERSION = YES;
				CLANG_WARN_NON_LITERAL_NULL_CONVERSION = YES;
				CLANG_WARN_OBJC_IMPLICIT_RETAIN_SELF = YES;
				CLANG_WARN_OBJC_LITERAL_CONVERSION = YES;
				CLANG_WARN_OBJC_ROOT_CLASS = YES_ERROR;
				CLANG_WARN_QUOTED_INCLUDE_IN_FRAMEWORK_HEADER = YES;
				CLANG_WARN_RANGE_LOOP_ANALYSIS = YES;
				CLANG_WARN_STRICT_PROTOTYPES = YES;
				CLANG_WARN_SUSPICIOUS_MOVE = YES;
				CLANG_WARN_UNGUARDED_AVAILABILITY = YES_AGGRESSIVE;
				CLANG_WARN_UNREACHABLE_CODE = YES;
				CLANG_WARN__DUPLICATE_METHOD_MATCH = YES;
				COPY_PHASE_STRIP = NO;
				DEBUG_INFORMATION_FORMAT = dwarf;
				ENABLE_STRICT_OBJC_MSGSEND = YES;
				ENABLE_TESTABILITY = YES;
				GCC_C_LANGUAGE_STANDARD = gnu11;
				GCC_DYNAMIC_NO_PIC = NO;
				GCC_NO_COMMON_BLOCKS = YES;
				GCC_OPTIMIZATION_LEVEL = 0;
				GCC_PREPROCESSOR_DEFINITIONS = (
					"DEBUG=1",
					"$(inherited)",
				);
				GCC_WARN_64_TO_32_BIT_CONVERSION = YES;
				GCC_WARN_ABOUT_RETURN_TYPE = YES_ERROR;
				GCC_WARN_UNDECLARED_SELECTOR = YES;
				GCC_WARN_UNINITIALIZED_AUTOS = YES_AGGRESSIVE;
				GCC_WARN_UNUSED_FUNCTION = YES;
				GCC_WARN_UNUSED_VARIABLE = YES;
				IPHONEOS_DEPLOYMENT_TARGET = 15.2;
				MTL_ENABLE_DEBUG_INFO = INCLUDE_SOURCE;
				MTL_FAST_MATH = YES;
				ONLY_ACTIVE_ARCH = YES;
				SDKROOT = iphoneos;
				SWIFT_ACTIVE_COMPILATION_CONDITIONS = DEBUG;
				SWIFT_OPTIMIZATION_LEVEL = "-Onone";
			};
			name = Debug;
		};
		6EAA1D07281D83E10055F2F1 /* Release */ = {
			isa = XCBuildConfiguration;
			buildSettings = {
				ALWAYS_SEARCH_USER_PATHS = NO;
				CLANG_ANALYZER_NONNULL = YES;
				CLANG_ANALYZER_NUMBER_OBJECT_CONVERSION = YES_AGGRESSIVE;
				CLANG_CXX_LANGUAGE_STANDARD = "gnu++17";
				CLANG_CXX_LIBRARY = "libc++";
				CLANG_ENABLE_MODULES = YES;
				CLANG_ENABLE_OBJC_ARC = YES;
				CLANG_ENABLE_OBJC_WEAK = YES;
				CLANG_WARN_BLOCK_CAPTURE_AUTORELEASING = YES;
				CLANG_WARN_BOOL_CONVERSION = YES;
				CLANG_WARN_COMMA = YES;
				CLANG_WARN_CONSTANT_CONVERSION = YES;
				CLANG_WARN_DEPRECATED_OBJC_IMPLEMENTATIONS = YES;
				CLANG_WARN_DIRECT_OBJC_ISA_USAGE = YES_ERROR;
				CLANG_WARN_DOCUMENTATION_COMMENTS = YES;
				CLANG_WARN_EMPTY_BODY = YES;
				CLANG_WARN_ENUM_CONVERSION = YES;
				CLANG_WARN_INFINITE_RECURSION = YES;
				CLANG_WARN_INT_CONVERSION = YES;
				CLANG_WARN_NON_LITERAL_NULL_CONVERSION = YES;
				CLANG_WARN_OBJC_IMPLICIT_RETAIN_SELF = YES;
				CLANG_WARN_OBJC_LITERAL_CONVERSION = YES;
				CLANG_WARN_OBJC_ROOT_CLASS = YES_ERROR;
				CLANG_WARN_QUOTED_INCLUDE_IN_FRAMEWORK_HEADER = YES;
				CLANG_WARN_RANGE_LOOP_ANALYSIS = YES;
				CLANG_WARN_STRICT_PROTOTYPES = YES;
				CLANG_WARN_SUSPICIOUS_MOVE = YES;
				CLANG_WARN_UNGUARDED_AVAILABILITY = YES_AGGRESSIVE;
				CLANG_WARN_UNREACHABLE_CODE = YES;
				CLANG_WARN__DUPLICATE_METHOD_MATCH = YES;
				COPY_PHASE_STRIP = NO;
				DEBUG_INFORMATION_FORMAT = "dwarf-with-dsym";
				ENABLE_NS_ASSERTIONS = NO;
				ENABLE_STRICT_OBJC_MSGSEND = YES;
				GCC_C_LANGUAGE_STANDARD = gnu11;
				GCC_NO_COMMON_BLOCKS = YES;
				GCC_WARN_64_TO_32_BIT_CONVERSION = YES;
				GCC_WARN_ABOUT_RETURN_TYPE = YES_ERROR;
				GCC_WARN_UNDECLARED_SELECTOR = YES;
				GCC_WARN_UNINITIALIZED_AUTOS = YES_AGGRESSIVE;
				GCC_WARN_UNUSED_FUNCTION = YES;
				GCC_WARN_UNUSED_VARIABLE = YES;
				IPHONEOS_DEPLOYMENT_TARGET = 15.2;
				MTL_ENABLE_DEBUG_INFO = NO;
				MTL_FAST_MATH = YES;
				SDKROOT = iphoneos;
				SWIFT_COMPILATION_MODE = wholemodule;
				SWIFT_OPTIMIZATION_LEVEL = "-O";
				VALIDATE_PRODUCT = YES;
			};
			name = Release;
		};
		6EAA1D09281D83E10055F2F1 /* Debug */ = {
			isa = XCBuildConfiguration;
			buildSettings = {
				ASSETCATALOG_COMPILER_APPICON_NAME = AppIcon;
				ASSETCATALOG_COMPILER_GLOBAL_ACCENT_COLOR_NAME = AccentColor;
				CODE_SIGN_STYLE = Automatic;
				CURRENT_PROJECT_VERSION = 1;
				DEVELOPMENT_TEAM = 42D4L9A7Y2;
				GENERATE_INFOPLIST_FILE = YES;
				INFOPLIST_FILE = GHFollowers/Info.plist;
				INFOPLIST_KEY_UIApplicationSupportsIndirectInputEvents = YES;
				INFOPLIST_KEY_UILaunchStoryboardName = LaunchScreen;
				INFOPLIST_KEY_UISupportedInterfaceOrientations_iPad = "UIInterfaceOrientationPortrait UIInterfaceOrientationPortraitUpsideDown UIInterfaceOrientationLandscapeLeft UIInterfaceOrientationLandscapeRight";
				INFOPLIST_KEY_UISupportedInterfaceOrientations_iPhone = "UIInterfaceOrientationPortrait UIInterfaceOrientationLandscapeLeft UIInterfaceOrientationLandscapeRight";
				LD_RUNPATH_SEARCH_PATHS = (
					"$(inherited)",
					"@executable_path/Frameworks",
				);
				MARKETING_VERSION = 1.0;
				PRODUCT_BUNDLE_IDENTIFIER = com.pablodimarco.GHFollowers;
				PRODUCT_NAME = "$(TARGET_NAME)";
				SWIFT_EMIT_LOC_STRINGS = YES;
				SWIFT_VERSION = 5.0;
				TARGETED_DEVICE_FAMILY = 1;
			};
			name = Debug;
		};
		6EAA1D0A281D83E10055F2F1 /* Release */ = {
			isa = XCBuildConfiguration;
			buildSettings = {
				ASSETCATALOG_COMPILER_APPICON_NAME = AppIcon;
				ASSETCATALOG_COMPILER_GLOBAL_ACCENT_COLOR_NAME = AccentColor;
				CODE_SIGN_STYLE = Automatic;
				CURRENT_PROJECT_VERSION = 1;
				DEVELOPMENT_TEAM = 42D4L9A7Y2;
				GENERATE_INFOPLIST_FILE = YES;
				INFOPLIST_FILE = GHFollowers/Info.plist;
				INFOPLIST_KEY_UIApplicationSupportsIndirectInputEvents = YES;
				INFOPLIST_KEY_UILaunchStoryboardName = LaunchScreen;
				INFOPLIST_KEY_UISupportedInterfaceOrientations_iPad = "UIInterfaceOrientationPortrait UIInterfaceOrientationPortraitUpsideDown UIInterfaceOrientationLandscapeLeft UIInterfaceOrientationLandscapeRight";
				INFOPLIST_KEY_UISupportedInterfaceOrientations_iPhone = "UIInterfaceOrientationPortrait UIInterfaceOrientationLandscapeLeft UIInterfaceOrientationLandscapeRight";
				LD_RUNPATH_SEARCH_PATHS = (
					"$(inherited)",
					"@executable_path/Frameworks",
				);
				MARKETING_VERSION = 1.0;
				PRODUCT_BUNDLE_IDENTIFIER = com.pablodimarco.GHFollowers;
				PRODUCT_NAME = "$(TARGET_NAME)";
				SWIFT_EMIT_LOC_STRINGS = YES;
				SWIFT_VERSION = 5.0;
				TARGETED_DEVICE_FAMILY = 1;
			};
			name = Release;
		};
/* End XCBuildConfiguration section */

/* Begin XCConfigurationList section */
		6EAA1CEF281D83DF0055F2F1 /* Build configuration list for PBXProject "GHFollowers" */ = {
			isa = XCConfigurationList;
			buildConfigurations = (
				6EAA1D06281D83E10055F2F1 /* Debug */,
				6EAA1D07281D83E10055F2F1 /* Release */,
			);
			defaultConfigurationIsVisible = 0;
			defaultConfigurationName = Release;
		};
		6EAA1D08281D83E10055F2F1 /* Build configuration list for PBXNativeTarget "GHFollowers" */ = {
			isa = XCConfigurationList;
			buildConfigurations = (
				6EAA1D09281D83E10055F2F1 /* Debug */,
				6EAA1D0A281D83E10055F2F1 /* Release */,
			);
			defaultConfigurationIsVisible = 0;
			defaultConfigurationName = Release;
		};
/* End XCConfigurationList section */
	};
	rootObject = 6EAA1CEC281D83DF0055F2F1 /* Project object */;
}
